
Microsoft Visual Studio Solution File, Format Version 12.00
# Visual Studio 15
VisualStudioVersion = 15.0.28307.852
MinimumVisualStudioVersion = 10.0.40219.1
Project("{8BC9CEB8-8B4A-11D0-8D11-00A0C91BC942}") = "OfflineProcessingSystem", "..\Tools\OfflineProcessingSystem\OfflineProcessingSystem.vcxproj", "{7C88A617-3249-40D7-8705-3C17917E4355}"
EndProject
Project("{8BC9CEB8-8B4A-11D0-8D11-00A0C91BC942}") = "OpenGL_LIB", "..\Tools\OpenGL_LIB\OpenGL_LIB.vcxproj", "{7AFBB4F4-CC31-4562-96BC-A6E0BEAEACF7}"
EndProject
Project("{2150E333-8FDC-42A3-9474-1A3956D46DE8}") = "Tools", "Tools", "{ACE560E5-7048-469C-AFBE-12E6FA322C0A}"
EndProject
Project("{2150E333-8FDC-42A3-9474-1A3956D46DE8}") = "Tests", "Tests", "{71C8CE42-66C2-4955-9A7D-C503525F2E68}"
EndProject
Project("{2150E333-8FDC-42A3-9474-1A3956D46DE8}") = "SystemTests", "SystemTests", "{9E310043-781B-4461-B884-FB48072D5A6F}"
EndProject
Project("{2150E333-8FDC-42A3-9474-1A3956D46DE8}") = "UnitTests", "UnitTests", "{4CCC35C3-462F-4A08-89A6-ACB95DDB1E6F}"
EndProject
Project("{8BC9CEB8-8B4A-11D0-8D11-00A0C91BC942}") = "LoadSpeedTest", "..\Tests\UnitTests\LoadSpeedTest\LoadSpeedTest.vcxproj", "{64746E53-0025-4487-B0A9-CDC4B65EAC1A}"
EndProject
Project("{8BC9CEB8-8B4A-11D0-8D11-00A0C91BC942}") = "PagedLOD-v5", "PagedLOD-v5\PagedLOD-v5.vcxproj", "{23C1C64D-D110-4116-8F52-037128B3AA4B}"
EndProject
Project("{8BC9CEB8-8B4A-11D0-8D11-00A0C91BC942}") = "Demp-v5-0418", "..\Tests\SystemTests\Demp-v5-0418\Demp-v5-0418.vcxproj", "{234D5664-0D48-466E-8DD9-7243DBBF3F12}"
	ProjectSection(ProjectDependencies) = postProject
		{23C1C64D-D110-4116-8F52-037128B3AA4B} = {23C1C64D-D110-4116-8F52-037128B3AA4B}
		{7AFBB4F4-CC31-4562-96BC-A6E0BEAEACF7} = {7AFBB4F4-CC31-4562-96BC-A6E0BEAEACF7}
	EndProjectSection
EndProject
Project("{8BC9CEB8-8B4A-11D0-8D11-00A0C91BC942}") = "SceneVisitor", "..\Tests\SystemTests\SceneVisitor\SceneVisitor\SceneVisitor.vcxproj", "{6DC0690A-6D56-4448-8300-BF4D2AE5CCDD}"
EndProject
Project("{8BC9CEB8-8B4A-11D0-8D11-00A0C91BC942}") = "BaseNSet", "..\Tests\UnitTests\BaseNSet\BaseNSet.vcxproj", "{A9742452-9B6D-482C-8E02-212AAABCBF40}"
EndProject
Project("{8BC9CEB8-8B4A-11D0-8D11-00A0C91BC942}") = "TileTreeProcessor", "..\Tests\UnitTests\TileTreeProcessor\TileTreeProcessor.vcxproj", "{E8661E04-E46F-41D5-AA9F-935D7E3998B6}"
EndProject
Project("{8BC9CEB8-8B4A-11D0-8D11-00A0C91BC942}") = "EnumerateLegalTileNodeSet", "..\Tests\UnitTests\EnumerateLegalTileNodeSet\EnumerateLegalTileNodeSet.vcxproj", "{9B49C904-8FE0-4A23-8CD0-1D2181A8EF21}"
EndProject
Project("{8BC9CEB8-8B4A-11D0-8D11-00A0C91BC942}") = "TestCase_1001", "..\Tests\UnitTests\TestCase_1001\TestCase_1001.vcxproj", "{B2CAD965-DE68-4D17-8523-9C681F735359}"
EndProject
Project("{8BC9CEB8-8B4A-11D0-8D11-00A0C91BC942}") = "TestCase_1002", "..\Tests\UnitTests\TestCase_1002\TestCase_1002.vcxproj", "{230FF178-0D8A-489C-A3F0-BAA8CBF6E07B}"
EndProject
Project("{8BC9CEB8-8B4A-11D0-8D11-00A0C91BC942}") = "TestCase_1003", "..\Tests\UnitTests\TestCase_1003\TestCase_1003.vcxproj", "{BBD12A96-ACCC-42F8-9D73-6028F32F0A3D}"
EndProject
Project("{8BC9CEB8-8B4A-11D0-8D11-00A0C91BC942}") = "TestCase_2001", "..\Tests\UnitTests\TestCase_2001\TestCase_2001.vcxproj", "{5EBE9188-69C9-44B0-B0E8-7E568B88C8EE}"
EndProject
Project("{8BC9CEB8-8B4A-11D0-8D11-00A0C91BC942}") = "TestCase_2002", "..\Tests\UnitTests\TestCase_2002\TestCase_2002.vcxproj", "{1FB5FF6D-2810-4B06-86DD-AC801F2049DF}"
EndProject
Project("{8BC9CEB8-8B4A-11D0-8D11-00A0C91BC942}") = "TestCase_2003", "..\Tests\UnitTests\TestCase_2003\TestCase_2003.vcxproj", "{ABCA1E46-95FB-4053-B418-CB3808382DCB}"
EndProject
Project("{8BC9CEB8-8B4A-11D0-8D11-00A0C91BC942}") = "TestCase_3001", "..\Tests\UnitTests\TestCase_3001\TestCase_3001.vcxproj", "{30BBB2B6-39F7-4190-A2E1-DA99B56BEBC5}"
EndProject
Project("{8BC9CEB8-8B4A-11D0-8D11-00A0C91BC942}") = "TestCase_3002", "..\Tests\UnitTests\TestCase_3002\TestCase_3002.vcxproj", "{FE5487D9-7B06-4B4E-8985-01856C252EAD}"
EndProject
Project("{8BC9CEB8-8B4A-11D0-8D11-00A0C91BC942}") = "TestCase_3003", "..\Tests\UnitTests\TestCase_3003\TestCase_3003.vcxproj", "{67B5BAA9-7460-465D-85BE-27121C2E1BDC}"
EndProject
Project("{8BC9CEB8-8B4A-11D0-8D11-00A0C91BC942}") = "TestCase_3004", "..\Tests\UnitTests\TestCase_3004\TestCase_3004.vcxproj", "{3BCF7372-DC26-4747-BCC0-A4E7F48B074D}"
EndProject
Project("{8BC9CEB8-8B4A-11D0-8D11-00A0C91BC942}") = "TestCase_4001", "..\Tests\UnitTests\TestCase_4001\TestCase_4001.vcxproj", "{B1363D25-F5F6-4071-B430-6FA6E40A9D2F}"
EndProject
Project("{8BC9CEB8-8B4A-11D0-8D11-00A0C91BC942}") = "TestCase_4002", "..\Tests\UnitTests\TestCase_4002\TestCase_4002.vcxproj", "{E59C87BD-9CEF-4202-947D-E859DC74A145}"
EndProject
Project("{8BC9CEB8-8B4A-11D0-8D11-00A0C91BC942}") = "TestCase_4003", "..\Tests\UnitTests\TestCase_4003\TestCase_4003.vcxproj", "{CE92EBC9-BBCD-462E-AB74-C6A02A9DAFA2}"
EndProject
Project("{8BC9CEB8-8B4A-11D0-8D11-00A0C91BC942}") = "TestCase_5001", "..\Tests\UnitTests\TestCase_5001\TestCase_5001.vcxproj", "{0A80673B-A097-4297-AD68-8C766C9D5E82}"
EndProject
Project("{8BC9CEB8-8B4A-11D0-8D11-00A0C91BC942}") = "TestCase_6001", "..\Tests\UnitTests\TestCase_6001\TestCase_6001.vcxproj", "{1AA41822-EEE3-4922-9CB9-75631D1DB906}"
EndProject
Project("{8BC9CEB8-8B4A-11D0-8D11-00A0C91BC942}") = "TestCase_6002", "..\Tests\UnitTests\TestCase_6002\TestCase_6002.vcxproj", "{EB28A2FC-48B6-46A2-95E2-7B7B5F17CE03}"
EndProject
Project("{8BC9CEB8-8B4A-11D0-8D11-00A0C91BC942}") = "TestCase_6003", "..\Tests\UnitTests\TestCase_6003\TestCase_6003.vcxproj", "{AD5FD901-7085-4F08-A459-13D817FDD5B7}"
EndProject
Project("{8BC9CEB8-8B4A-11D0-8D11-00A0C91BC942}") = "Sample-Test1", "..\Tests\UnitTests\Sample-Test1\Sample-Test1.vcxproj", "{3F47C64C-D939-45B5-A7FF-843469C865E0}"
EndProject
Project("{8BC9CEB8-8B4A-11D0-8D11-00A0C91BC942}") = "Sample-Test2", "..\Tests\UnitTests\Sample-Test2\Sample-Test2.vcxproj", "{DF16803A-7001-4CB3-8B29-42C9CF057DC9}"
EndProject
Project("{8BC9CEB8-8B4A-11D0-8D11-00A0C91BC942}") = "Sample-Test3", "..\Tests\UnitTests\Sample-Test3\Sample-Test3.vcxproj", "{7D2FB3B3-4882-4DF7-87C8-B6F2F69EB635}"
EndProject
Project("{8BC9CEB8-8B4A-11D0-8D11-00A0C91BC942}") = "PagedLOD_Common_Utils_Test", "..\Tests\UnitTests\PagedLOD_Common_Utils_Test\PagedLOD_Common_Utils_Test.vcxproj", "{D7DB6432-3DAF-48ED-A4B7-908406450B7C}"
EndProject
Global
	GlobalSection(SolutionConfigurationPlatforms) = preSolution
		Debug|x64 = Debug|x64
		Debug|x86 = Debug|x86
		Release|x64 = Release|x64
		Release|x86 = Release|x86
	EndGlobalSection
	GlobalSection(ProjectConfigurationPlatforms) = postSolution
		{7C88A617-3249-40D7-8705-3C17917E4355}.Debug|x64.ActiveCfg = Debug|x64
		{7C88A617-3249-40D7-8705-3C17917E4355}.Debug|x64.Build.0 = Debug|x64
		{7C88A617-3249-40D7-8705-3C17917E4355}.Debug|x86.ActiveCfg = Debug|Win32
		{7C88A617-3249-40D7-8705-3C17917E4355}.Debug|x86.Build.0 = Debug|Win32
		{7C88A617-3249-40D7-8705-3C17917E4355}.Release|x64.ActiveCfg = Release|x64
		{7C88A617-3249-40D7-8705-3C17917E4355}.Release|x64.Build.0 = Release|x64
		{7C88A617-3249-40D7-8705-3C17917E4355}.Release|x86.ActiveCfg = Release|Win32
		{7C88A617-3249-40D7-8705-3C17917E4355}.Release|x86.Build.0 = Release|Win32
		{7AFBB4F4-CC31-4562-96BC-A6E0BEAEACF7}.Debug|x64.ActiveCfg = Debug|x64
		{7AFBB4F4-CC31-4562-96BC-A6E0BEAEACF7}.Debug|x64.Build.0 = Debug|x64
		{7AFBB4F4-CC31-4562-96BC-A6E0BEAEACF7}.Debug|x86.ActiveCfg = Debug|Win32
		{7AFBB4F4-CC31-4562-96BC-A6E0BEAEACF7}.Debug|x86.Build.0 = Debug|Win32
		{7AFBB4F4-CC31-4562-96BC-A6E0BEAEACF7}.Release|x64.ActiveCfg = Release|x64
		{7AFBB4F4-CC31-4562-96BC-A6E0BEAEACF7}.Release|x64.Build.0 = Release|x64
		{7AFBB4F4-CC31-4562-96BC-A6E0BEAEACF7}.Release|x86.ActiveCfg = Release|Win32
		{7AFBB4F4-CC31-4562-96BC-A6E0BEAEACF7}.Release|x86.Build.0 = Release|Win32
		{64746E53-0025-4487-B0A9-CDC4B65EAC1A}.Debug|x64.ActiveCfg = Debug|x64
		{64746E53-0025-4487-B0A9-CDC4B65EAC1A}.Debug|x64.Build.0 = Debug|x64
		{64746E53-0025-4487-B0A9-CDC4B65EAC1A}.Debug|x86.ActiveCfg = Debug|Win32
		{64746E53-0025-4487-B0A9-CDC4B65EAC1A}.Debug|x86.Build.0 = Debug|Win32
		{64746E53-0025-4487-B0A9-CDC4B65EAC1A}.Release|x64.ActiveCfg = Release|x64
		{64746E53-0025-4487-B0A9-CDC4B65EAC1A}.Release|x64.Build.0 = Release|x64
		{64746E53-0025-4487-B0A9-CDC4B65EAC1A}.Release|x86.ActiveCfg = Release|Win32
		{64746E53-0025-4487-B0A9-CDC4B65EAC1A}.Release|x86.Build.0 = Release|Win32
		{23C1C64D-D110-4116-8F52-037128B3AA4B}.Debug|x64.ActiveCfg = Debug|x64
		{23C1C64D-D110-4116-8F52-037128B3AA4B}.Debug|x64.Build.0 = Debug|x64
		{23C1C64D-D110-4116-8F52-037128B3AA4B}.Debug|x86.ActiveCfg = Debug|Win32
		{23C1C64D-D110-4116-8F52-037128B3AA4B}.Debug|x86.Build.0 = Debug|Win32
		{23C1C64D-D110-4116-8F52-037128B3AA4B}.Release|x64.ActiveCfg = Release|x64
		{23C1C64D-D110-4116-8F52-037128B3AA4B}.Release|x64.Build.0 = Release|x64
		{23C1C64D-D110-4116-8F52-037128B3AA4B}.Release|x86.ActiveCfg = Release|Win32
		{23C1C64D-D110-4116-8F52-037128B3AA4B}.Release|x86.Build.0 = Release|Win32
		{234D5664-0D48-466E-8DD9-7243DBBF3F12}.Debug|x64.ActiveCfg = Debug|x64
		{234D5664-0D48-466E-8DD9-7243DBBF3F12}.Debug|x64.Build.0 = Debug|x64
		{234D5664-0D48-466E-8DD9-7243DBBF3F12}.Debug|x86.ActiveCfg = Debug|Win32
		{234D5664-0D48-466E-8DD9-7243DBBF3F12}.Debug|x86.Build.0 = Debug|Win32
		{234D5664-0D48-466E-8DD9-7243DBBF3F12}.Release|x64.ActiveCfg = Release|x64
		{234D5664-0D48-466E-8DD9-7243DBBF3F12}.Release|x64.Build.0 = Release|x64
		{234D5664-0D48-466E-8DD9-7243DBBF3F12}.Release|x86.ActiveCfg = Release|Win32
		{234D5664-0D48-466E-8DD9-7243DBBF3F12}.Release|x86.Build.0 = Release|Win32
		{6DC0690A-6D56-4448-8300-BF4D2AE5CCDD}.Debug|x64.ActiveCfg = Debug|x64
		{6DC0690A-6D56-4448-8300-BF4D2AE5CCDD}.Debug|x64.Build.0 = Debug|x64
		{6DC0690A-6D56-4448-8300-BF4D2AE5CCDD}.Debug|x86.ActiveCfg = Debug|Win32
		{6DC0690A-6D56-4448-8300-BF4D2AE5CCDD}.Debug|x86.Build.0 = Debug|Win32
		{6DC0690A-6D56-4448-8300-BF4D2AE5CCDD}.Release|x64.ActiveCfg = Release|x64
		{6DC0690A-6D56-4448-8300-BF4D2AE5CCDD}.Release|x64.Build.0 = Release|x64
		{6DC0690A-6D56-4448-8300-BF4D2AE5CCDD}.Release|x86.ActiveCfg = Release|Win32
		{6DC0690A-6D56-4448-8300-BF4D2AE5CCDD}.Release|x86.Build.0 = Release|Win32
		{A9742452-9B6D-482C-8E02-212AAABCBF40}.Debug|x64.ActiveCfg = Debug|x64
		{A9742452-9B6D-482C-8E02-212AAABCBF40}.Debug|x64.Build.0 = Debug|x64
		{A9742452-9B6D-482C-8E02-212AAABCBF40}.Debug|x86.ActiveCfg = Debug|Win32
		{A9742452-9B6D-482C-8E02-212AAABCBF40}.Debug|x86.Build.0 = Debug|Win32
		{A9742452-9B6D-482C-8E02-212AAABCBF40}.Release|x64.ActiveCfg = Release|x64
		{A9742452-9B6D-482C-8E02-212AAABCBF40}.Release|x64.Build.0 = Release|x64
		{A9742452-9B6D-482C-8E02-212AAABCBF40}.Release|x86.ActiveCfg = Release|Win32
		{A9742452-9B6D-482C-8E02-212AAABCBF40}.Release|x86.Build.0 = Release|Win32
		{E8661E04-E46F-41D5-AA9F-935D7E3998B6}.Debug|x64.ActiveCfg = Debug|x64
		{E8661E04-E46F-41D5-AA9F-935D7E3998B6}.Debug|x64.Build.0 = Debug|x64
		{E8661E04-E46F-41D5-AA9F-935D7E3998B6}.Debug|x86.ActiveCfg = Debug|Win32
		{E8661E04-E46F-41D5-AA9F-935D7E3998B6}.Debug|x86.Build.0 = Debug|Win32
		{E8661E04-E46F-41D5-AA9F-935D7E3998B6}.Release|x64.ActiveCfg = Release|x64
		{E8661E04-E46F-41D5-AA9F-935D7E3998B6}.Release|x64.Build.0 = Release|x64
		{E8661E04-E46F-41D5-AA9F-935D7E3998B6}.Release|x86.ActiveCfg = Release|Win32
		{E8661E04-E46F-41D5-AA9F-935D7E3998B6}.Release|x86.Build.0 = Release|Win32
		{9B49C904-8FE0-4A23-8CD0-1D2181A8EF21}.Debug|x64.ActiveCfg = Debug|x64
		{9B49C904-8FE0-4A23-8CD0-1D2181A8EF21}.Debug|x64.Build.0 = Debug|x64
		{9B49C904-8FE0-4A23-8CD0-1D2181A8EF21}.Debug|x86.ActiveCfg = Debug|Win32
		{9B49C904-8FE0-4A23-8CD0-1D2181A8EF21}.Debug|x86.Build.0 = Debug|Win32
		{9B49C904-8FE0-4A23-8CD0-1D2181A8EF21}.Release|x64.ActiveCfg = Release|x64
		{9B49C904-8FE0-4A23-8CD0-1D2181A8EF21}.Release|x64.Build.0 = Release|x64
		{9B49C904-8FE0-4A23-8CD0-1D2181A8EF21}.Release|x86.ActiveCfg = Release|Win32
		{9B49C904-8FE0-4A23-8CD0-1D2181A8EF21}.Release|x86.Build.0 = Release|Win32
		{B2CAD965-DE68-4D17-8523-9C681F735359}.Debug|x64.ActiveCfg = Debug|x64
		{B2CAD965-DE68-4D17-8523-9C681F735359}.Debug|x64.Build.0 = Debug|x64
		{B2CAD965-DE68-4D17-8523-9C681F735359}.Debug|x86.ActiveCfg = Debug|Win32
		{B2CAD965-DE68-4D17-8523-9C681F735359}.Debug|x86.Build.0 = Debug|Win32
		{B2CAD965-DE68-4D17-8523-9C681F735359}.Release|x64.ActiveCfg = Release|x64
		{B2CAD965-DE68-4D17-8523-9C681F735359}.Release|x64.Build.0 = Release|x64
		{B2CAD965-DE68-4D17-8523-9C681F735359}.Release|x86.ActiveCfg = Release|Win32
		{B2CAD965-DE68-4D17-8523-9C681F735359}.Release|x86.Build.0 = Release|Win32
		{230FF178-0D8A-489C-A3F0-BAA8CBF6E07B}.Debug|x64.ActiveCfg = Debug|x64
		{230FF178-0D8A-489C-A3F0-BAA8CBF6E07B}.Debug|x64.Build.0 = Debug|x64
		{230FF178-0D8A-489C-A3F0-BAA8CBF6E07B}.Debug|x86.ActiveCfg = Debug|Win32
		{230FF178-0D8A-489C-A3F0-BAA8CBF6E07B}.Debug|x86.Build.0 = Debug|Win32
		{230FF178-0D8A-489C-A3F0-BAA8CBF6E07B}.Release|x64.ActiveCfg = Release|x64
		{230FF178-0D8A-489C-A3F0-BAA8CBF6E07B}.Release|x64.Build.0 = Release|x64
		{230FF178-0D8A-489C-A3F0-BAA8CBF6E07B}.Release|x86.ActiveCfg = Release|Win32
		{230FF178-0D8A-489C-A3F0-BAA8CBF6E07B}.Release|x86.Build.0 = Release|Win32
		{BBD12A96-ACCC-42F8-9D73-6028F32F0A3D}.Debug|x64.ActiveCfg = Debug|x64
		{BBD12A96-ACCC-42F8-9D73-6028F32F0A3D}.Debug|x64.Build.0 = Debug|x64
		{BBD12A96-ACCC-42F8-9D73-6028F32F0A3D}.Debug|x86.ActiveCfg = Debug|Win32
		{BBD12A96-ACCC-42F8-9D73-6028F32F0A3D}.Debug|x86.Build.0 = Debug|Win32
		{BBD12A96-ACCC-42F8-9D73-6028F32F0A3D}.Release|x64.ActiveCfg = Release|x64
		{BBD12A96-ACCC-42F8-9D73-6028F32F0A3D}.Release|x64.Build.0 = Release|x64
		{BBD12A96-ACCC-42F8-9D73-6028F32F0A3D}.Release|x86.ActiveCfg = Release|Win32
		{BBD12A96-ACCC-42F8-9D73-6028F32F0A3D}.Release|x86.Build.0 = Release|Win32
		{5EBE9188-69C9-44B0-B0E8-7E568B88C8EE}.Debug|x64.ActiveCfg = Debug|x64
		{5EBE9188-69C9-44B0-B0E8-7E568B88C8EE}.Debug|x64.Build.0 = Debug|x64
		{5EBE9188-69C9-44B0-B0E8-7E568B88C8EE}.Debug|x86.ActiveCfg = Debug|Win32
		{5EBE9188-69C9-44B0-B0E8-7E568B88C8EE}.Debug|x86.Build.0 = Debug|Win32
		{5EBE9188-69C9-44B0-B0E8-7E568B88C8EE}.Release|x64.ActiveCfg = Release|x64
		{5EBE9188-69C9-44B0-B0E8-7E568B88C8EE}.Release|x64.Build.0 = Release|x64
		{5EBE9188-69C9-44B0-B0E8-7E568B88C8EE}.Release|x86.ActiveCfg = Release|Win32
		{5EBE9188-69C9-44B0-B0E8-7E568B88C8EE}.Release|x86.Build.0 = Release|Win32
		{1FB5FF6D-2810-4B06-86DD-AC801F2049DF}.Debug|x64.ActiveCfg = Debug|x64
		{1FB5FF6D-2810-4B06-86DD-AC801F2049DF}.Debug|x64.Build.0 = Debug|x64
		{1FB5FF6D-2810-4B06-86DD-AC801F2049DF}.Debug|x86.ActiveCfg = Debug|Win32
		{1FB5FF6D-2810-4B06-86DD-AC801F2049DF}.Debug|x86.Build.0 = Debug|Win32
		{1FB5FF6D-2810-4B06-86DD-AC801F2049DF}.Release|x64.ActiveCfg = Release|x64
		{1FB5FF6D-2810-4B06-86DD-AC801F2049DF}.Release|x64.Build.0 = Release|x64
		{1FB5FF6D-2810-4B06-86DD-AC801F2049DF}.Release|x86.ActiveCfg = Release|Win32
		{1FB5FF6D-2810-4B06-86DD-AC801F2049DF}.Release|x86.Build.0 = Release|Win32
		{ABCA1E46-95FB-4053-B418-CB3808382DCB}.Debug|x64.ActiveCfg = Debug|x64
		{ABCA1E46-95FB-4053-B418-CB3808382DCB}.Debug|x64.Build.0 = Debug|x64
		{ABCA1E46-95FB-4053-B418-CB3808382DCB}.Debug|x86.ActiveCfg = Debug|Win32
		{ABCA1E46-95FB-4053-B418-CB3808382DCB}.Debug|x86.Build.0 = Debug|Win32
		{ABCA1E46-95FB-4053-B418-CB3808382DCB}.Release|x64.ActiveCfg = Release|x64
		{ABCA1E46-95FB-4053-B418-CB3808382DCB}.Release|x64.Build.0 = Release|x64
		{ABCA1E46-95FB-4053-B418-CB3808382DCB}.Release|x86.ActiveCfg = Release|Win32
		{ABCA1E46-95FB-4053-B418-CB3808382DCB}.Release|x86.Build.0 = Release|Win32
		{30BBB2B6-39F7-4190-A2E1-DA99B56BEBC5}.Debug|x64.ActiveCfg = Debug|x64
		{30BBB2B6-39F7-4190-A2E1-DA99B56BEBC5}.Debug|x64.Build.0 = Debug|x64
		{30BBB2B6-39F7-4190-A2E1-DA99B56BEBC5}.Debug|x86.ActiveCfg = Debug|Win32
		{30BBB2B6-39F7-4190-A2E1-DA99B56BEBC5}.Debug|x86.Build.0 = Debug|Win32
		{30BBB2B6-39F7-4190-A2E1-DA99B56BEBC5}.Release|x64.ActiveCfg = Release|x64
		{30BBB2B6-39F7-4190-A2E1-DA99B56BEBC5}.Release|x64.Build.0 = Release|x64
		{30BBB2B6-39F7-4190-A2E1-DA99B56BEBC5}.Release|x86.ActiveCfg = Release|Win32
		{30BBB2B6-39F7-4190-A2E1-DA99B56BEBC5}.Release|x86.Build.0 = Release|Win32
		{FE5487D9-7B06-4B4E-8985-01856C252EAD}.Debug|x64.ActiveCfg = Debug|x64
		{FE5487D9-7B06-4B4E-8985-01856C252EAD}.Debug|x64.Build.0 = Debug|x64
		{FE5487D9-7B06-4B4E-8985-01856C252EAD}.Debug|x86.ActiveCfg = Debug|Win32
		{FE5487D9-7B06-4B4E-8985-01856C252EAD}.Debug|x86.Build.0 = Debug|Win32
		{FE5487D9-7B06-4B4E-8985-01856C252EAD}.Release|x64.ActiveCfg = Release|x64
		{FE5487D9-7B06-4B4E-8985-01856C252EAD}.Release|x64.Build.0 = Release|x64
		{FE5487D9-7B06-4B4E-8985-01856C252EAD}.Release|x86.ActiveCfg = Release|Win32
		{FE5487D9-7B06-4B4E-8985-01856C252EAD}.Release|x86.Build.0 = Release|Win32
		{67B5BAA9-7460-465D-85BE-27121C2E1BDC}.Debug|x64.ActiveCfg = Debug|x64
		{67B5BAA9-7460-465D-85BE-27121C2E1BDC}.Debug|x64.Build.0 = Debug|x64
		{67B5BAA9-7460-465D-85BE-27121C2E1BDC}.Debug|x86.ActiveCfg = Debug|Win32
		{67B5BAA9-7460-465D-85BE-27121C2E1BDC}.Debug|x86.Build.0 = Debug|Win32
		{67B5BAA9-7460-465D-85BE-27121C2E1BDC}.Release|x64.ActiveCfg = Release|x64
		{67B5BAA9-7460-465D-85BE-27121C2E1BDC}.Release|x64.Build.0 = Release|x64
		{67B5BAA9-7460-465D-85BE-27121C2E1BDC}.Release|x86.ActiveCfg = Release|Win32
		{67B5BAA9-7460-465D-85BE-27121C2E1BDC}.Release|x86.Build.0 = Release|Win32
		{3BCF7372-DC26-4747-BCC0-A4E7F48B074D}.Debug|x64.ActiveCfg = Debug|x64
		{3BCF7372-DC26-4747-BCC0-A4E7F48B074D}.Debug|x64.Build.0 = Debug|x64
		{3BCF7372-DC26-4747-BCC0-A4E7F48B074D}.Debug|x86.ActiveCfg = Debug|Win32
		{3BCF7372-DC26-4747-BCC0-A4E7F48B074D}.Debug|x86.Build.0 = Debug|Win32
		{3BCF7372-DC26-4747-BCC0-A4E7F48B074D}.Release|x64.ActiveCfg = Release|x64
		{3BCF7372-DC26-4747-BCC0-A4E7F48B074D}.Release|x64.Build.0 = Release|x64
		{3BCF7372-DC26-4747-BCC0-A4E7F48B074D}.Release|x86.ActiveCfg = Release|Win32
		{3BCF7372-DC26-4747-BCC0-A4E7F48B074D}.Release|x86.Build.0 = Release|Win32
		{B1363D25-F5F6-4071-B430-6FA6E40A9D2F}.Debug|x64.ActiveCfg = Debug|x64
		{B1363D25-F5F6-4071-B430-6FA6E40A9D2F}.Debug|x64.Build.0 = Debug|x64
		{B1363D25-F5F6-4071-B430-6FA6E40A9D2F}.Debug|x86.ActiveCfg = Debug|Win32
		{B1363D25-F5F6-4071-B430-6FA6E40A9D2F}.Debug|x86.Build.0 = Debug|Win32
		{B1363D25-F5F6-4071-B430-6FA6E40A9D2F}.Release|x64.ActiveCfg = Release|x64
		{B1363D25-F5F6-4071-B430-6FA6E40A9D2F}.Release|x64.Build.0 = Release|x64
		{B1363D25-F5F6-4071-B430-6FA6E40A9D2F}.Release|x86.ActiveCfg = Release|Win32
		{B1363D25-F5F6-4071-B430-6FA6E40A9D2F}.Release|x86.Build.0 = Release|Win32
		{E59C87BD-9CEF-4202-947D-E859DC74A145}.Debug|x64.ActiveCfg = Debug|x64
		{E59C87BD-9CEF-4202-947D-E859DC74A145}.Debug|x64.Build.0 = Debug|x64
		{E59C87BD-9CEF-4202-947D-E859DC74A145}.Debug|x86.ActiveCfg = Debug|Win32
		{E59C87BD-9CEF-4202-947D-E859DC74A145}.Debug|x86.Build.0 = Debug|Win32
		{E59C87BD-9CEF-4202-947D-E859DC74A145}.Release|x64.ActiveCfg = Release|x64
		{E59C87BD-9CEF-4202-947D-E859DC74A145}.Release|x64.Build.0 = Release|x64
		{E59C87BD-9CEF-4202-947D-E859DC74A145}.Release|x86.ActiveCfg = Release|Win32
		{E59C87BD-9CEF-4202-947D-E859DC74A145}.Release|x86.Build.0 = Release|Win32
		{CE92EBC9-BBCD-462E-AB74-C6A02A9DAFA2}.Debug|x64.ActiveCfg = Debug|x64
		{CE92EBC9-BBCD-462E-AB74-C6A02A9DAFA2}.Debug|x64.Build.0 = Debug|x64
		{CE92EBC9-BBCD-462E-AB74-C6A02A9DAFA2}.Debug|x86.ActiveCfg = Debug|Win32
		{CE92EBC9-BBCD-462E-AB74-C6A02A9DAFA2}.Debug|x86.Build.0 = Debug|Win32
		{CE92EBC9-BBCD-462E-AB74-C6A02A9DAFA2}.Release|x64.ActiveCfg = Release|x64
		{CE92EBC9-BBCD-462E-AB74-C6A02A9DAFA2}.Release|x64.Build.0 = Release|x64
		{CE92EBC9-BBCD-462E-AB74-C6A02A9DAFA2}.Release|x86.ActiveCfg = Release|Win32
		{CE92EBC9-BBCD-462E-AB74-C6A02A9DAFA2}.Release|x86.Build.0 = Release|Win32
		{0A80673B-A097-4297-AD68-8C766C9D5E82}.Debug|x64.ActiveCfg = Debug|x64
		{0A80673B-A097-4297-AD68-8C766C9D5E82}.Debug|x64.Build.0 = Debug|x64
		{0A80673B-A097-4297-AD68-8C766C9D5E82}.Debug|x86.ActiveCfg = Debug|Win32
		{0A80673B-A097-4297-AD68-8C766C9D5E82}.Debug|x86.Build.0 = Debug|Win32
		{0A80673B-A097-4297-AD68-8C766C9D5E82}.Release|x64.ActiveCfg = Release|x64
		{0A80673B-A097-4297-AD68-8C766C9D5E82}.Release|x64.Build.0 = Release|x64
		{0A80673B-A097-4297-AD68-8C766C9D5E82}.Release|x86.ActiveCfg = Release|Win32
		{0A80673B-A097-4297-AD68-8C766C9D5E82}.Release|x86.Build.0 = Release|Win32
		{1AA41822-EEE3-4922-9CB9-75631D1DB906}.Debug|x64.ActiveCfg = Debug|x64
		{1AA41822-EEE3-4922-9CB9-75631D1DB906}.Debug|x64.Build.0 = Debug|x64
		{1AA41822-EEE3-4922-9CB9-75631D1DB906}.Debug|x86.ActiveCfg = Debug|Win32
		{1AA41822-EEE3-4922-9CB9-75631D1DB906}.Debug|x86.Build.0 = Debug|Win32
		{1AA41822-EEE3-4922-9CB9-75631D1DB906}.Release|x64.ActiveCfg = Release|x64
		{1AA41822-EEE3-4922-9CB9-75631D1DB906}.Release|x64.Build.0 = Release|x64
		{1AA41822-EEE3-4922-9CB9-75631D1DB906}.Release|x86.ActiveCfg = Release|Win32
		{1AA41822-EEE3-4922-9CB9-75631D1DB906}.Release|x86.Build.0 = Release|Win32
		{EB28A2FC-48B6-46A2-95E2-7B7B5F17CE03}.Debug|x64.ActiveCfg = Debug|x64
		{EB28A2FC-48B6-46A2-95E2-7B7B5F17CE03}.Debug|x64.Build.0 = Debug|x64
		{EB28A2FC-48B6-46A2-95E2-7B7B5F17CE03}.Debug|x86.ActiveCfg = Debug|Win32
		{EB28A2FC-48B6-46A2-95E2-7B7B5F17CE03}.Debug|x86.Build.0 = Debug|Win32
		{EB28A2FC-48B6-46A2-95E2-7B7B5F17CE03}.Release|x64.ActiveCfg = Release|x64
		{EB28A2FC-48B6-46A2-95E2-7B7B5F17CE03}.Release|x64.Build.0 = Release|x64
		{EB28A2FC-48B6-46A2-95E2-7B7B5F17CE03}.Release|x86.ActiveCfg = Release|Win32
		{EB28A2FC-48B6-46A2-95E2-7B7B5F17CE03}.Release|x86.Build.0 = Release|Win32
		{AD5FD901-7085-4F08-A459-13D817FDD5B7}.Debug|x64.ActiveCfg = Debug|x64
		{AD5FD901-7085-4F08-A459-13D817FDD5B7}.Debug|x64.Build.0 = Debug|x64
		{AD5FD901-7085-4F08-A459-13D817FDD5B7}.Debug|x86.ActiveCfg = Debug|Win32
		{AD5FD901-7085-4F08-A459-13D817FDD5B7}.Debug|x86.Build.0 = Debug|Win32
		{AD5FD901-7085-4F08-A459-13D817FDD5B7}.Release|x64.ActiveCfg = Release|x64
		{AD5FD901-7085-4F08-A459-13D817FDD5B7}.Release|x64.Build.0 = Release|x64
		{AD5FD901-7085-4F08-A459-13D817FDD5B7}.Release|x86.ActiveCfg = Release|Win32
		{AD5FD901-7085-4F08-A459-13D817FDD5B7}.Release|x86.Build.0 = Release|Win32
		{3F47C64C-D939-45B5-A7FF-843469C865E0}.Debug|x64.ActiveCfg = Debug|x64
		{3F47C64C-D939-45B5-A7FF-843469C865E0}.Debug|x64.Build.0 = Debug|x64
		{3F47C64C-D939-45B5-A7FF-843469C865E0}.Debug|x86.ActiveCfg = Debug|Win32
		{3F47C64C-D939-45B5-A7FF-843469C865E0}.Debug|x86.Build.0 = Debug|Win32
		{3F47C64C-D939-45B5-A7FF-843469C865E0}.Release|x64.ActiveCfg = Release|x64
		{3F47C64C-D939-45B5-A7FF-843469C865E0}.Release|x64.Build.0 = Release|x64
		{3F47C64C-D939-45B5-A7FF-843469C865E0}.Release|x86.ActiveCfg = Release|Win32
		{3F47C64C-D939-45B5-A7FF-843469C865E0}.Release|x86.Build.0 = Release|Win32
		{DF16803A-7001-4CB3-8B29-42C9CF057DC9}.Debug|x64.ActiveCfg = Debug|x64
		{DF16803A-7001-4CB3-8B29-42C9CF057DC9}.Debug|x64.Build.0 = Debug|x64
		{DF16803A-7001-4CB3-8B29-42C9CF057DC9}.Debug|x86.ActiveCfg = Debug|Win32
		{DF16803A-7001-4CB3-8B29-42C9CF057DC9}.Debug|x86.Build.0 = Debug|Win32
		{DF16803A-7001-4CB3-8B29-42C9CF057DC9}.Release|x64.ActiveCfg = Release|x64
		{DF16803A-7001-4CB3-8B29-42C9CF057DC9}.Release|x64.Build.0 = Release|x64
		{DF16803A-7001-4CB3-8B29-42C9CF057DC9}.Release|x86.ActiveCfg = Release|Win32
		{DF16803A-7001-4CB3-8B29-42C9CF057DC9}.Release|x86.Build.0 = Release|Win32
		{7D2FB3B3-4882-4DF7-87C8-B6F2F69EB635}.Debug|x64.ActiveCfg = Debug|x64
		{7D2FB3B3-4882-4DF7-87C8-B6F2F69EB635}.Debug|x64.Build.0 = Debug|x64
		{7D2FB3B3-4882-4DF7-87C8-B6F2F69EB635}.Debug|x86.ActiveCfg = Debug|Win32
		{7D2FB3B3-4882-4DF7-87C8-B6F2F69EB635}.Debug|x86.Build.0 = Debug|Win32
		{7D2FB3B3-4882-4DF7-87C8-B6F2F69EB635}.Release|x64.ActiveCfg = Release|x64
		{7D2FB3B3-4882-4DF7-87C8-B6F2F69EB635}.Release|x64.Build.0 = Release|x64
		{7D2FB3B3-4882-4DF7-87C8-B6F2F69EB635}.Release|x86.ActiveCfg = Release|Win32
		{7D2FB3B3-4882-4DF7-87C8-B6F2F69EB635}.Release|x86.Build.0 = Release|Win32
		{D7DB6432-3DAF-48ED-A4B7-908406450B7C}.Debug|x64.ActiveCfg = Debug|x64
		{D7DB6432-3DAF-48ED-A4B7-908406450B7C}.Debug|x64.Build.0 = Debug|x64
		{D7DB6432-3DAF-48ED-A4B7-908406450B7C}.Debug|x86.ActiveCfg = Debug|Win32
		{D7DB6432-3DAF-48ED-A4B7-908406450B7C}.Debug|x86.Build.0 = Debug|Win32
		{D7DB6432-3DAF-48ED-A4B7-908406450B7C}.Release|x64.ActiveCfg = Release|x64
		{D7DB6432-3DAF-48ED-A4B7-908406450B7C}.Release|x64.Build.0 = Release|x64
		{D7DB6432-3DAF-48ED-A4B7-908406450B7C}.Release|x86.ActiveCfg = Release|Win32
		{D7DB6432-3DAF-48ED-A4B7-908406450B7C}.Release|x86.Build.0 = Release|Win32
	EndGlobalSection
	GlobalSection(SolutionProperties) = preSolution
		HideSolutionNode = FALSE
	EndGlobalSection
	GlobalSection(NestedProjects) = preSolution
		{7C88A617-3249-40D7-8705-3C17917E4355} = {ACE560E5-7048-469C-AFBE-12E6FA322C0A}
		{7AFBB4F4-CC31-4562-96BC-A6E0BEAEACF7} = {ACE560E5-7048-469C-AFBE-12E6FA322C0A}
		{9E310043-781B-4461-B884-FB48072D5A6F} = {71C8CE42-66C2-4955-9A7D-C503525F2E68}
		{4CCC35C3-462F-4A08-89A6-ACB95DDB1E6F} = {71C8CE42-66C2-4955-9A7D-C503525F2E68}
		{64746E53-0025-4487-B0A9-CDC4B65EAC1A} = {4CCC35C3-462F-4A08-89A6-ACB95DDB1E6F}
		{234D5664-0D48-466E-8DD9-7243DBBF3F12} = {9E310043-781B-4461-B884-FB48072D5A6F}
		{6DC0690A-6D56-4448-8300-BF4D2AE5CCDD} = {9E310043-781B-4461-B884-FB48072D5A6F}
		{A9742452-9B6D-482C-8E02-212AAABCBF40} = {4CCC35C3-462F-4A08-89A6-ACB95DDB1E6F}
		{E8661E04-E46F-41D5-AA9F-935D7E3998B6} = {4CCC35C3-462F-4A08-89A6-ACB95DDB1E6F}
		{9B49C904-8FE0-4A23-8CD0-1D2181A8EF21} = {4CCC35C3-462F-4A08-89A6-ACB95DDB1E6F}
		{B2CAD965-DE68-4D17-8523-9C681F735359} = {4CCC35C3-462F-4A08-89A6-ACB95DDB1E6F}
		{230FF178-0D8A-489C-A3F0-BAA8CBF6E07B} = {4CCC35C3-462F-4A08-89A6-ACB95DDB1E6F}
		{BBD12A96-ACCC-42F8-9D73-6028F32F0A3D} = {4CCC35C3-462F-4A08-89A6-ACB95DDB1E6F}
		{5EBE9188-69C9-44B0-B0E8-7E568B88C8EE} = {4CCC35C3-462F-4A08-89A6-ACB95DDB1E6F}
		{1FB5FF6D-2810-4B06-86DD-AC801F2049DF} = {4CCC35C3-462F-4A08-89A6-ACB95DDB1E6F}
		{ABCA1E46-95FB-4053-B418-CB3808382DCB} = {4CCC35C3-462F-4A08-89A6-ACB95DDB1E6F}
		{30BBB2B6-39F7-4190-A2E1-DA99B56BEBC5} = {4CCC35C3-462F-4A08-89A6-ACB95DDB1E6F}
		{FE5487D9-7B06-4B4E-8985-01856C252EAD} = {4CCC35C3-462F-4A08-89A6-ACB95DDB1E6F}
		{67B5BAA9-7460-465D-85BE-27121C2E1BDC} = {4CCC35C3-462F-4A08-89A6-ACB95DDB1E6F}
		{3BCF7372-DC26-4747-BCC0-A4E7F48B074D} = {4CCC35C3-462F-4A08-89A6-ACB95DDB1E6F}
		{B1363D25-F5F6-4071-B430-6FA6E40A9D2F} = {4CCC35C3-462F-4A08-89A6-ACB95DDB1E6F}
		{E59C87BD-9CEF-4202-947D-E859DC74A145} = {4CCC35C3-462F-4A08-89A6-ACB95DDB1E6F}
		{CE92EBC9-BBCD-462E-AB74-C6A02A9DAFA2} = {4CCC35C3-462F-4A08-89A6-ACB95DDB1E6F}
		{0A80673B-A097-4297-AD68-8C766C9D5E82} = {4CCC35C3-462F-4A08-89A6-ACB95DDB1E6F}
		{1AA41822-EEE3-4922-9CB9-75631D1DB906} = {4CCC35C3-462F-4A08-89A6-ACB95DDB1E6F}
		{EB28A2FC-48B6-46A2-95E2-7B7B5F17CE03} = {4CCC35C3-462F-4A08-89A6-ACB95DDB1E6F}
		{AD5FD901-7085-4F08-A459-13D817FDD5B7} = {4CCC35C3-462F-4A08-89A6-ACB95DDB1E6F}
		{3F47C64C-D939-45B5-A7FF-843469C865E0} = {4CCC35C3-462F-4A08-89A6-ACB95DDB1E6F}
		{DF16803A-7001-4CB3-8B29-42C9CF057DC9} = {4CCC35C3-462F-4A08-89A6-ACB95DDB1E6F}
		{7D2FB3B3-4882-4DF7-87C8-B6F2F69EB635} = {4CCC35C3-462F-4A08-89A6-ACB95DDB1E6F}
		{D7DB6432-3DAF-48ED-A4B7-908406450B7C} = {4CCC35C3-462F-4A08-89A6-ACB95DDB1E6F}
	EndGlobalSection
	GlobalSection(ExtensibilityGlobals) = postSolution
		SolutionGuid = {9213593E-AE1D-4A17-AB33-244D267749C6}
	EndGlobalSection
EndGlobal
