
Microsoft Visual Studio Solution File, Format Version 12.00
# Visual Studio Version 16
VisualStudioVersion = 16.0.29409.12
MinimumVisualStudioVersion = 10.0.40219.1
Project("{8BC9CEB8-8B4A-11D0-8D11-00A0C91BC942}") = "PagedLOD", "PagedLOD\PagedLOD.vcxproj", "{63360863-7639-4C83-9383-6B8630126C06}"
EndProject
Project("{8BC9CEB8-8B4A-11D0-8D11-00A0C91BC942}") = "OfflineProcessingSystem", "..\Tools\OfflineProcessingSystem\OfflineProcessingSystem.vcxproj", "{7C88A617-3249-40D7-8705-3C17917E4355}"
EndProject
Project("{8BC9CEB8-8B4A-11D0-8D11-00A0C91BC942}") = "OpenGL_LIB", "..\Tools\OpenGL_LIB\OpenGL_LIB.vcxproj", "{7AFBB4F4-CC31-4562-96BC-A6E0BEAEACF7}"
EndProject
Project("{2150E333-8FDC-42A3-9474-1A3956D46DE8}") = "Tools", "Tools", "{ACE560E5-7048-469C-AFBE-12E6FA322C0A}"
EndProject
Project("{2150E333-8FDC-42A3-9474-1A3956D46DE8}") = "Tests", "Tests", "{71C8CE42-66C2-4955-9A7D-C503525F2E68}"
EndProject
Project("{2150E333-8FDC-42A3-9474-1A3956D46DE8}") = "SystemTests", "SystemTests", "{9E310043-781B-4461-B884-FB48072D5A6F}"
EndProject
Project("{2150E333-8FDC-42A3-9474-1A3956D46DE8}") = "UnitTests", "UnitTests", "{4CCC35C3-462F-4A08-89A6-ACB95DDB1E6F}"
EndProject
Project("{8BC9CEB8-8B4A-11D0-8D11-00A0C91BC942}") = "NewFramework", "..\Tests\SystemTests\NewFramework\NewFramework.vcxproj", "{2792D366-A1FF-4111-8EFA-76616D5C048C}"
	ProjectSection(ProjectDependencies) = postProject
		{63360863-7639-4C83-9383-6B8630126C06} = {63360863-7639-4C83-9383-6B8630126C06}
		{7AFBB4F4-CC31-4562-96BC-A6E0BEAEACF7} = {7AFBB4F4-CC31-4562-96BC-A6E0BEAEACF7}
	EndProjectSection
EndProject
Project("{8BC9CEB8-8B4A-11D0-8D11-00A0C91BC942}") = "EnumerateLegalTileNodeSet", "..\Tests\UnitTests\EnumerateLegalTileNodeSet\EnumerateLegalTileNodeSet.vcxproj", "{3F066347-0FE8-46A0-B2CC-B6AD023FB474}"
EndProject
Project("{8BC9CEB8-8B4A-11D0-8D11-00A0C91BC942}") = "LoadSpeedTest", "..\Tests\UnitTests\LoadSpeedTest\LoadSpeedTest.vcxproj", "{64746E53-0025-4487-B0A9-CDC4B65EAC1A}"
EndProject
Project("{8BC9CEB8-8B4A-11D0-8D11-00A0C91BC942}") = "TileTreeProcessor", "..\Tests\UnitTests\TileTreeProcessor\TileTreeProcessor.vcxproj", "{012BA2B3-81F3-40F1-BFAB-AD70241E6923}"
EndProject
Global
	GlobalSection(SolutionConfigurationPlatforms) = preSolution
		Debug|x64 = Debug|x64
		Debug|x86 = Debug|x86
		Release|x64 = Release|x64
		Release|x86 = Release|x86
	EndGlobalSection
	GlobalSection(ProjectConfigurationPlatforms) = postSolution
		{63360863-7639-4C83-9383-6B8630126C06}.Debug|x64.ActiveCfg = Debug|x64
		{63360863-7639-4C83-9383-6B8630126C06}.Debug|x64.Build.0 = Debug|x64
		{63360863-7639-4C83-9383-6B8630126C06}.Debug|x86.ActiveCfg = Debug|Win32
		{63360863-7639-4C83-9383-6B8630126C06}.Debug|x86.Build.0 = Debug|Win32
		{63360863-7639-4C83-9383-6B8630126C06}.Release|x64.ActiveCfg = Release|x64
		{63360863-7639-4C83-9383-6B8630126C06}.Release|x64.Build.0 = Release|x64
		{63360863-7639-4C83-9383-6B8630126C06}.Release|x86.ActiveCfg = Release|Win32
		{63360863-7639-4C83-9383-6B8630126C06}.Release|x86.Build.0 = Release|Win32
		{7C88A617-3249-40D7-8705-3C17917E4355}.Debug|x64.ActiveCfg = Debug|x64
		{7C88A617-3249-40D7-8705-3C17917E4355}.Debug|x64.Build.0 = Debug|x64
		{7C88A617-3249-40D7-8705-3C17917E4355}.Debug|x86.ActiveCfg = Debug|Win32
		{7C88A617-3249-40D7-8705-3C17917E4355}.Debug|x86.Build.0 = Debug|Win32
		{7C88A617-3249-40D7-8705-3C17917E4355}.Release|x64.ActiveCfg = Release|x64
		{7C88A617-3249-40D7-8705-3C17917E4355}.Release|x64.Build.0 = Release|x64
		{7C88A617-3249-40D7-8705-3C17917E4355}.Release|x86.ActiveCfg = Release|Win32
		{7C88A617-3249-40D7-8705-3C17917E4355}.Release|x86.Build.0 = Release|Win32
		{7AFBB4F4-CC31-4562-96BC-A6E0BEAEACF7}.Debug|x64.ActiveCfg = Debug|x64
		{7AFBB4F4-CC31-4562-96BC-A6E0BEAEACF7}.Debug|x64.Build.0 = Debug|x64
		{7AFBB4F4-CC31-4562-96BC-A6E0BEAEACF7}.Debug|x86.ActiveCfg = Debug|Win32
		{7AFBB4F4-CC31-4562-96BC-A6E0BEAEACF7}.Debug|x86.Build.0 = Debug|Win32
		{7AFBB4F4-CC31-4562-96BC-A6E0BEAEACF7}.Release|x64.ActiveCfg = Release|x64
		{7AFBB4F4-CC31-4562-96BC-A6E0BEAEACF7}.Release|x64.Build.0 = Release|x64
		{7AFBB4F4-CC31-4562-96BC-A6E0BEAEACF7}.Release|x86.ActiveCfg = Release|Win32
		{7AFBB4F4-CC31-4562-96BC-A6E0BEAEACF7}.Release|x86.Build.0 = Release|Win32
		{2792D366-A1FF-4111-8EFA-76616D5C048C}.Debug|x64.ActiveCfg = Debug|x64
		{2792D366-A1FF-4111-8EFA-76616D5C048C}.Debug|x64.Build.0 = Debug|x64
		{2792D366-A1FF-4111-8EFA-76616D5C048C}.Debug|x86.ActiveCfg = Debug|Win32
		{2792D366-A1FF-4111-8EFA-76616D5C048C}.Debug|x86.Build.0 = Debug|Win32
		{2792D366-A1FF-4111-8EFA-76616D5C048C}.Release|x64.ActiveCfg = Release|x64
		{2792D366-A1FF-4111-8EFA-76616D5C048C}.Release|x64.Build.0 = Release|x64
		{2792D366-A1FF-4111-8EFA-76616D5C048C}.Release|x86.ActiveCfg = Release|Win32
		{2792D366-A1FF-4111-8EFA-76616D5C048C}.Release|x86.Build.0 = Release|Win32
		{3F066347-0FE8-46A0-B2CC-B6AD023FB474}.Debug|x64.ActiveCfg = Debug|x64
		{3F066347-0FE8-46A0-B2CC-B6AD023FB474}.Debug|x64.Build.0 = Debug|x64
		{3F066347-0FE8-46A0-B2CC-B6AD023FB474}.Debug|x86.ActiveCfg = Debug|Win32
		{3F066347-0FE8-46A0-B2CC-B6AD023FB474}.Debug|x86.Build.0 = Debug|Win32
		{3F066347-0FE8-46A0-B2CC-B6AD023FB474}.Release|x64.ActiveCfg = Release|x64
		{3F066347-0FE8-46A0-B2CC-B6AD023FB474}.Release|x64.Build.0 = Release|x64
		{3F066347-0FE8-46A0-B2CC-B6AD023FB474}.Release|x86.ActiveCfg = Release|Win32
		{3F066347-0FE8-46A0-B2CC-B6AD023FB474}.Release|x86.Build.0 = Release|Win32
		{64746E53-0025-4487-B0A9-CDC4B65EAC1A}.Debug|x64.ActiveCfg = Debug|x64
		{64746E53-0025-4487-B0A9-CDC4B65EAC1A}.Debug|x64.Build.0 = Debug|x64
		{64746E53-0025-4487-B0A9-CDC4B65EAC1A}.Debug|x86.ActiveCfg = Debug|Win32
		{64746E53-0025-4487-B0A9-CDC4B65EAC1A}.Debug|x86.Build.0 = Debug|Win32
		{64746E53-0025-4487-B0A9-CDC4B65EAC1A}.Release|x64.ActiveCfg = Release|x64
		{64746E53-0025-4487-B0A9-CDC4B65EAC1A}.Release|x64.Build.0 = Release|x64
		{64746E53-0025-4487-B0A9-CDC4B65EAC1A}.Release|x86.ActiveCfg = Release|Win32
		{64746E53-0025-4487-B0A9-CDC4B65EAC1A}.Release|x86.Build.0 = Release|Win32
		{012BA2B3-81F3-40F1-BFAB-AD70241E6923}.Debug|x64.ActiveCfg = Debug|x64
		{012BA2B3-81F3-40F1-BFAB-AD70241E6923}.Debug|x64.Build.0 = Debug|x64
		{012BA2B3-81F3-40F1-BFAB-AD70241E6923}.Debug|x86.ActiveCfg = Debug|Win32
		{012BA2B3-81F3-40F1-BFAB-AD70241E6923}.Debug|x86.Build.0 = Debug|Win32
		{012BA2B3-81F3-40F1-BFAB-AD70241E6923}.Release|x64.ActiveCfg = Release|x64
		{012BA2B3-81F3-40F1-BFAB-AD70241E6923}.Release|x64.Build.0 = Release|x64
		{012BA2B3-81F3-40F1-BFAB-AD70241E6923}.Release|x86.ActiveCfg = Release|Win32
		{012BA2B3-81F3-40F1-BFAB-AD70241E6923}.Release|x86.Build.0 = Release|Win32
	EndGlobalSection
	GlobalSection(SolutionProperties) = preSolution
		HideSolutionNode = FALSE
	EndGlobalSection
	GlobalSection(NestedProjects) = preSolution
		{7C88A617-3249-40D7-8705-3C17917E4355} = {ACE560E5-7048-469C-AFBE-12E6FA322C0A}
		{7AFBB4F4-CC31-4562-96BC-A6E0BEAEACF7} = {ACE560E5-7048-469C-AFBE-12E6FA322C0A}
		{9E310043-781B-4461-B884-FB48072D5A6F} = {71C8CE42-66C2-4955-9A7D-C503525F2E68}
		{4CCC35C3-462F-4A08-89A6-ACB95DDB1E6F} = {71C8CE42-66C2-4955-9A7D-C503525F2E68}
		{2792D366-A1FF-4111-8EFA-76616D5C048C} = {9E310043-781B-4461-B884-FB48072D5A6F}
		{3F066347-0FE8-46A0-B2CC-B6AD023FB474} = {4CCC35C3-462F-4A08-89A6-ACB95DDB1E6F}
		{64746E53-0025-4487-B0A9-CDC4B65EAC1A} = {4CCC35C3-462F-4A08-89A6-ACB95DDB1E6F}
		{012BA2B3-81F3-40F1-BFAB-AD70241E6923} = {4CCC35C3-462F-4A08-89A6-ACB95DDB1E6F}
	EndGlobalSection
	GlobalSection(ExtensibilityGlobals) = postSolution
		SolutionGuid = {9213593E-AE1D-4A17-AB33-244D267749C6}
	EndGlobalSection
EndGlobal
